
Microsoft Visual Studio Solution File, Format Version 12.00
# Visual Studio Version 16
VisualStudioVersion = 16.0.31624.102
MinimumVisualStudioVersion = 10.0.40219.1
Project("{9A19103F-16F7-4668-BE54-9A1E7A4F7556}") = "Task1", "Task1\Task1.csproj", "{AA64405C-DD78-45A7-B602-74A88B3A33E3}"
EndProject
Project("{9A19103F-16F7-4668-BE54-9A1E7A4F7556}") = "Task2", "Task2\Task2.csproj", "{E8DDF1BD-3944-4B1A-A08E-D3633A09B969}"
EndProject
Project("{FAE04EC0-301F-11D3-BF4B-00C04F79EFBC}") = "UtilsParser", "UtilsParser\UtilsParser.csproj", "{6F935926-6C86-4AC5-A3F6-D8977D5F4B33}"
EndProject
Global
	GlobalSection(SolutionConfigurationPlatforms) = preSolution
		Debug|Any CPU = Debug|Any CPU
		Release|Any CPU = Release|Any CPU
	EndGlobalSection
	GlobalSection(ProjectConfigurationPlatforms) = postSolution
		{AA64405C-DD78-45A7-B602-74A88B3A33E3}.Debug|Any CPU.ActiveCfg = Debug|Any CPU
		{AA64405C-DD78-45A7-B602-74A88B3A33E3}.Debug|Any CPU.Build.0 = Debug|Any CPU
		{AA64405C-DD78-45A7-B602-74A88B3A33E3}.Release|Any CPU.ActiveCfg = Release|Any CPU
		{AA64405C-DD78-45A7-B602-74A88B3A33E3}.Release|Any CPU.Build.0 = Release|Any CPU
		{E8DDF1BD-3944-4B1A-A08E-D3633A09B969}.Debug|Any CPU.ActiveCfg = Debug|Any CPU
		{E8DDF1BD-3944-4B1A-A08E-D3633A09B969}.Debug|Any CPU.Build.0 = Debug|Any CPU
		{E8DDF1BD-3944-4B1A-A08E-D3633A09B969}.Release|Any CPU.ActiveCfg = Release|Any CPU
		{E8DDF1BD-3944-4B1A-A08E-D3633A09B969}.Release|Any CPU.Build.0 = Release|Any CPU
		{6F935926-6C86-4AC5-A3F6-D8977D5F4B33}.Debug|Any CPU.ActiveCfg = Debug|Any CPU
		{6F935926-6C86-4AC5-A3F6-D8977D5F4B33}.Debug|Any CPU.Build.0 = Debug|Any CPU
		{6F935926-6C86-4AC5-A3F6-D8977D5F4B33}.Release|Any CPU.ActiveCfg = Release|Any CPU
		{6F935926-6C86-4AC5-A3F6-D8977D5F4B33}.Release|Any CPU.Build.0 = Release|Any CPU
	EndGlobalSection
	GlobalSection(SolutionProperties) = preSolution
		HideSolutionNode = FALSE
	EndGlobalSection
	GlobalSection(ExtensibilityGlobals) = postSolution
		SolutionGuid = {B0196EA8-5C8F-47FD-98EB-58020FFEE403}
	EndGlobalSection
EndGlobal
