
Microsoft Visual Studio Solution File, Format Version 12.00
# Visual Studio Version 16
VisualStudioVersion = 16.0.31624.102
MinimumVisualStudioVersion = 10.0.40219.1
Project("{9A19103F-16F7-4668-BE54-9A1E7A4F7556}") = "Task1", "Lab4\Task1.csproj", "{DB207AF8-F42F-4758-9A9B-C4953A144A86}"
EndProject
Project("{9A19103F-16F7-4668-BE54-9A1E7A4F7556}") = "Task2", "Task1\Task2.csproj", "{BEFBE8F3-7772-4882-BF08-BE47914C719A}"
EndProject
Project("{FAE04EC0-301F-11D3-BF4B-00C04F79EFBC}") = "Task3", "Task3\Task3.csproj", "{1BBC40E0-7137-4771-9333-8647FB1C48A0}"
EndProject
Project("{FAE04EC0-301F-11D3-BF4B-00C04F79EFBC}") = "DebugInfoPrinter", "DebugPrinter\DebugInfoPrinter.csproj", "{75D208F7-BC3C-44BC-96CE-BB59D8746D8F}"
EndProject
Project("{FAE04EC0-301F-11D3-BF4B-00C04F79EFBC}") = "Task4", "Task4\Task4.csproj", "{9775A6A8-D224-4533-B881-3C69B0342938}"
EndProject
Global
	GlobalSection(SolutionConfigurationPlatforms) = preSolution
		Debug|Any CPU = Debug|Any CPU
		Release|Any CPU = Release|Any CPU
	EndGlobalSection
	GlobalSection(ProjectConfigurationPlatforms) = postSolution
		{DB207AF8-F42F-4758-9A9B-C4953A144A86}.Debug|Any CPU.ActiveCfg = Debug|Any CPU
		{DB207AF8-F42F-4758-9A9B-C4953A144A86}.Debug|Any CPU.Build.0 = Debug|Any CPU
		{DB207AF8-F42F-4758-9A9B-C4953A144A86}.Release|Any CPU.ActiveCfg = Release|Any CPU
		{DB207AF8-F42F-4758-9A9B-C4953A144A86}.Release|Any CPU.Build.0 = Release|Any CPU
		{BEFBE8F3-7772-4882-BF08-BE47914C719A}.Debug|Any CPU.ActiveCfg = Debug|Any CPU
		{BEFBE8F3-7772-4882-BF08-BE47914C719A}.Debug|Any CPU.Build.0 = Debug|Any CPU
		{BEFBE8F3-7772-4882-BF08-BE47914C719A}.Release|Any CPU.ActiveCfg = Release|Any CPU
		{BEFBE8F3-7772-4882-BF08-BE47914C719A}.Release|Any CPU.Build.0 = Release|Any CPU
		{1BBC40E0-7137-4771-9333-8647FB1C48A0}.Debug|Any CPU.ActiveCfg = Debug|Any CPU
		{1BBC40E0-7137-4771-9333-8647FB1C48A0}.Debug|Any CPU.Build.0 = Debug|Any CPU
		{1BBC40E0-7137-4771-9333-8647FB1C48A0}.Release|Any CPU.ActiveCfg = Release|Any CPU
		{1BBC40E0-7137-4771-9333-8647FB1C48A0}.Release|Any CPU.Build.0 = Release|Any CPU
		{75D208F7-BC3C-44BC-96CE-BB59D8746D8F}.Debug|Any CPU.ActiveCfg = Debug|Any CPU
		{75D208F7-BC3C-44BC-96CE-BB59D8746D8F}.Debug|Any CPU.Build.0 = Debug|Any CPU
		{75D208F7-BC3C-44BC-96CE-BB59D8746D8F}.Release|Any CPU.ActiveCfg = Release|Any CPU
		{75D208F7-BC3C-44BC-96CE-BB59D8746D8F}.Release|Any CPU.Build.0 = Release|Any CPU
		{9775A6A8-D224-4533-B881-3C69B0342938}.Debug|Any CPU.ActiveCfg = Debug|Any CPU
		{9775A6A8-D224-4533-B881-3C69B0342938}.Debug|Any CPU.Build.0 = Debug|Any CPU
		{9775A6A8-D224-4533-B881-3C69B0342938}.Release|Any CPU.ActiveCfg = Release|Any CPU
		{9775A6A8-D224-4533-B881-3C69B0342938}.Release|Any CPU.Build.0 = Release|Any CPU
	EndGlobalSection
	GlobalSection(SolutionProperties) = preSolution
		HideSolutionNode = FALSE
	EndGlobalSection
	GlobalSection(ExtensibilityGlobals) = postSolution
		SolutionGuid = {87E4B116-02E6-4067-9B6C-2284A4DCBA7F}
	EndGlobalSection
EndGlobal
