
Microsoft Visual Studio Solution File, Format Version 12.00
# Visual Studio Version 16
VisualStudioVersion = 16.0.31624.102
MinimumVisualStudioVersion = 10.0.40219.1
Project("{9A19103F-16F7-4668-BE54-9A1E7A4F7556}") = "Task3", "Lab5\Task3.csproj", "{1FF4D032-03A0-422D-B706-129DA2D60C04}"
EndProject
Project("{9A19103F-16F7-4668-BE54-9A1E7A4F7556}") = "Task2", "Task2\Task2.csproj", "{CA8CE035-5726-48FC-BA44-C01BD201A807}"
EndProject
Project("{9A19103F-16F7-4668-BE54-9A1E7A4F7556}") = "ParserUtils", "..\..\фит\Уроки\сейчас\программирование\Lab2\ParserUtils\ParserUtils.csproj", "{B0FE8759-DD25-457C-B7F6-D2089983ED31}"
EndProject
Project("{FAE04EC0-301F-11D3-BF4B-00C04F79EFBC}") = "Task1", "Task1\Task1.csproj", "{247E73E6-3601-4849-B436-D17BBBAF165D}"
EndProject
Global
	GlobalSection(SolutionConfigurationPlatforms) = preSolution
		Debug|Any CPU = Debug|Any CPU
		Release|Any CPU = Release|Any CPU
	EndGlobalSection
	GlobalSection(ProjectConfigurationPlatforms) = postSolution
		{1FF4D032-03A0-422D-B706-129DA2D60C04}.Debug|Any CPU.ActiveCfg = Debug|Any CPU
		{1FF4D032-03A0-422D-B706-129DA2D60C04}.Debug|Any CPU.Build.0 = Debug|Any CPU
		{1FF4D032-03A0-422D-B706-129DA2D60C04}.Release|Any CPU.ActiveCfg = Release|Any CPU
		{1FF4D032-03A0-422D-B706-129DA2D60C04}.Release|Any CPU.Build.0 = Release|Any CPU
		{CA8CE035-5726-48FC-BA44-C01BD201A807}.Debug|Any CPU.ActiveCfg = Debug|Any CPU
		{CA8CE035-5726-48FC-BA44-C01BD201A807}.Debug|Any CPU.Build.0 = Debug|Any CPU
		{CA8CE035-5726-48FC-BA44-C01BD201A807}.Release|Any CPU.ActiveCfg = Release|Any CPU
		{CA8CE035-5726-48FC-BA44-C01BD201A807}.Release|Any CPU.Build.0 = Release|Any CPU
		{B0FE8759-DD25-457C-B7F6-D2089983ED31}.Debug|Any CPU.ActiveCfg = Debug|Any CPU
		{B0FE8759-DD25-457C-B7F6-D2089983ED31}.Debug|Any CPU.Build.0 = Debug|Any CPU
		{B0FE8759-DD25-457C-B7F6-D2089983ED31}.Release|Any CPU.ActiveCfg = Release|Any CPU
		{B0FE8759-DD25-457C-B7F6-D2089983ED31}.Release|Any CPU.Build.0 = Release|Any CPU
		{247E73E6-3601-4849-B436-D17BBBAF165D}.Debug|Any CPU.ActiveCfg = Debug|Any CPU
		{247E73E6-3601-4849-B436-D17BBBAF165D}.Debug|Any CPU.Build.0 = Debug|Any CPU
		{247E73E6-3601-4849-B436-D17BBBAF165D}.Release|Any CPU.ActiveCfg = Release|Any CPU
		{247E73E6-3601-4849-B436-D17BBBAF165D}.Release|Any CPU.Build.0 = Release|Any CPU
	EndGlobalSection
	GlobalSection(SolutionProperties) = preSolution
		HideSolutionNode = FALSE
	EndGlobalSection
	GlobalSection(ExtensibilityGlobals) = postSolution
		SolutionGuid = {14DD1663-418B-42FC-BCBB-43FF991DBB30}
	EndGlobalSection
EndGlobal
